The response: "{\"errors\":[{\"message\":\"Shipping address in shipping notice does not match with shipping address in purchase order\",\"extensions\":{\"category\":\"internal\"},\"locations\":[{\"line\":1,\"column\":63}],\"path\":[\"purchaseOrders\",\"shipment\"],\"category\":\"internal\"}],\"data\":{\"purchaseOrders\":{\"shipment\":null}}}"

 Query: {"query":"mutation shipment($notice: ShipNoticeInput!) {purchaseOrders {shipment(notice: $notice) {handle,submittedAt, errors {key, message}}}}","variables":{"notice": {"poNumber": "UK386715752","supplierId": 143756,"packageCount": 2,"weight": 1.8,"volume": 0.72899994206428675, "carrierCode": "HRSP","shipSpeed": "GROUND","trackingNumber": "8359417638","shipDate": "2022-03-14T10:46:44+0000","sourceAddress": {"name": "UKBedmaker","streetAddress1": "UKBedmaker", "city": "Denton","postalCode":"M34 3SG","country": "GB"},"destinationAddress": {"name": "Shannon Williams","streetAddress1": "Flat 3 Royal Oak Court","city": "Hayes", "state": "","postalCode": "UB3 2NQ","country": "GB"},"smallParcelShipments": [{"package": {"code": {"type": "TRACKING_NUMBER","value": "8359417638"},"weight": 1.8},"items": [{"partNumber": "PDIND1","quantity": 2}]}]}}}