The response: "{\"errors\":[{\"message\":\"Shipping address in shipping notice does not match with shipping address in purchase order\",\"extensions\":{\"category\":\"internal\"},\"locations\":[{\"line\":1,\"column\":63}],\"path\":[\"purchaseOrders\",\"shipment\"],\"category\":\"internal\"}],\"data\":{\"purchaseOrders\":{\"shipment\":null}}}"

 Query: {"query":"mutation shipment($notice: ShipNoticeInput!) {purchaseOrders {shipment(notice: $notice) {handle,submittedAt, errors {key, message}}}}","variables":{"notice": {"poNumber": "UK386664071","supplierId": 143756,"packageCount": 1,"weight": 1.26,"volume": 2.0003759545783999, "carrierCode": "HRSP","shipSpeed": "GROUND","trackingNumber": "3920011483","shipDate": "2022-03-14T09:17:20+0000","sourceAddress": {"name": "UKBedmaker","streetAddress1": "UKBedmaker", "city": "Denton","postalCode":"M34 3SG","country": "GB"},"destinationAddress": {"name": "Georgina Lonsdale","streetAddress1": "3 Norman Terrace","city": "Leeds", "state": "","postalCode": "LS8 2AP","country": "GB"},"smallParcelShipments": [{"package": {"code": {"type": "TRACKING_NUMBER","value": "3920011483"},"weight": 1.26},"items": [{"partNumber": "PORKD2Z","quantity": 1}]}]}}}