The response: "{\"errors\":[{\"message\":\"Shipping address in shipping notice does not match with shipping address in purchase order\",\"extensions\":{\"category\":\"internal\"},\"locations\":[{\"line\":1,\"column\":63}],\"path\":[\"purchaseOrders\",\"shipment\"],\"category\":\"internal\"}],\"data\":{\"purchaseOrders\":{\"shipment\":null}}}"

 Query: {"query":"mutation shipment($notice: ShipNoticeInput!) {purchaseOrders {shipment(notice: $notice) {handle,submittedAt, errors {key, message}}}}","variables":{"notice": {"poNumber": "UK385857121","supplierId": 143756,"packageCount": 1,"weight": 1.45,"volume": 3.0486253007650475, "carrierCode": "HRSP","shipSpeed": "GROUND","trackingNumber": "7984172496","shipDate": "2022-03-08T16:37:09+0000","sourceAddress": {"name": "UKBedmaker","streetAddress1": "UKBedmaker", "city": "Denton","postalCode":"M34 3SG","country": "GB"},"destinationAddress": {"name": "","streetAddress1": "","city": "", "state": "","postalCode": "","country": "GB"},"smallParcelShipments": [{"package": {"code": {"type": "TRACKING_NUMBER","value": "7984172496"},"weight": 1.45},"items": [{"partNumber": "PYASD3C","quantity": 1}]}]}}}