The response: "{\"data\":{\"purchaseOrders\":{\"shipment\":{\"handle\":\"DD9ADC58-A8D1-4940-9CCD-C5EA8725F4B3\",\"submittedAt\":\"2022-03-01 16:08:00.7191 +00:00\",\"errors\":[]}}}}"

 Query: {"query":"mutation shipment($notice: ShipNoticeInput!) {purchaseOrders {shipment(notice: $notice) {handle,submittedAt, errors {key, message}}}}","variables":{"notice": {"poNumber": "UK384468914","supplierId": 143756,"packageCount": 3,"weight": 2.76,"volume": 0.77868804237747269, "carrierCode": "HRSP","shipSpeed": "NEXT_MORNING","trackingNumber": "1","shipDate": "2022-03-01T16:07:43+0000","sourceAddress": {"name": "UKBedmaker","streetAddress1": "UKBedmaker", "city": "Denton","postalCode":"M34 3SG","country": "GB"},"destinationAddress": {"name": "John Ducker","streetAddress1": "7 Singleton Crescent","city": "Ferring Worthing", "state": "","postalCode": "BN12 5DE","country": "GB"},"smallParcelShipments": [{"package": {"code": {"type": "TRACKING_NUMBER","value": "1"},"weight": 2.76},"items": [{"partNumber": "UASC1Y","quantity": 3}]}]}}}