The response: {"data":{"getDropshipPurchaseOrders":[{"poNumber":"UK386776059","poDate":"2022-02-13 12:15:18.000000 +00:00","estimatedShipDate":"2022-02-15 00:00:00.000000 +00:00","customerName":"Ruth Ferguson","customerAddress1":"East Garliford","customerAddress2":"","customerCity":"Bishops Nympton South Molton","customerState":null,"customerPostalCode":"EX36 3QX","orderType":null,"shippingInfo":{"shipSpeed":"GROUND","carrierCode":"HRSP"},"packingSlipUrl":"https:\/\/sandbox.api.wayfair.com\/v1\/packing_slip\/UK386776059","warehouse":{"id":"143756","name":"UKBedmaker","address":{"name":"UKBedmaker","address1":"Vithal House","address2":"Parkway","address3":"","city":"Denton","state":null,"country":"GB","postalCode":"M34 3SG"}},"products":[{"partNumber":"PDIVD1","quantity":"1","price":6.43,"event":null}],"shipTo":{"name":"Ruth Ferguson","address1":"East Garliford","address2":"","address3":null,"city":"Bishops Nympton South Molton","state":"","country":"GB","postalCode":"EX36 3QX","phoneNumber":"447855177216"}},{"poNumber":"UK386776384","poDate":"2022-02-13 12:21:00.000000 +00:00","estimatedShipDate":"2022-02-15 00:00:00.000000 +00:00","customerName":"Nicola Jordan","customerAddress1":"Lath Bield","customerAddress2":"","customerCity":"Bonningate Kendal","customerState":null,"customerPostalCode":"LA8 8JU","orderType":null,"shippingInfo":{"shipSpeed":"GROUND","carrierCode":"HRSP"},"packingSlipUrl":"https:\/\/sandbox.api.wayfair.com\/v1\/packing_slip\/UK386776384","warehouse":{"id":"143756","name":"UKBedmaker","address":{"name":"UKBedmaker","address1":"Vithal House","address2":"Parkway","address3":"","city":"Denton","state":null,"country":"GB","postalCode":"M34 3SG"}},"products":[{"partNumber":"PJUND4Z","quantity":"1","price":17.01,"event":null}],"shipTo":{"name":"Nicola Jordan","address1":"Lath Bield","address2":"","address3":null,"city":"Bonningate Kendal","state":"","country":"GB","postalCode":"LA8 8JU","phoneNumber":"447385450794"}},{"poNumber":"UK386776395","poDate":"2022-02-13 12:21:10.000000 +00:00","estimatedShipDate":"2022-02-15 00:00:00.000000 +00:00","customerName":"Amelia Grace Nnadiekwe","customerAddress1":"150 hornbeam road seymour hill","customerAddress2":"Dunmurry","customerCity":"Belfast","customerState":null,"customerPostalCode":"BT17 9DE","orderType":null,"shippingInfo":{"shipSpeed":"GROUND","carrierCode":"HRSP"},"packingSlipUrl":"https:\/\/sandbox.api.wayfair.com\/v1\/packing_slip\/UK386776395","warehouse":{"id":"143756","name":"UKBedmaker","address":{"name":"UKBedmaker","address1":"Vithal House","address2":"Parkway","address3":"","city":"Denton","state":null,"country":"GB","postalCode":"M34 3SG"}},"products":[{"partNumber":"CDAKCCF","quantity":"2","price":1.93,"event":null}],"shipTo":{"name":"Amelia Grace Nnadiekwe","address1":"150 hornbeam road seymour hill","address2":"Dunmurry","address3":null,"city":"Belfast","state":"","country":"GB","postalCode":"BT17 9DE","phoneNumber":"447753689703"}},{"poNumber":"UK386776566","poDate":"2022-02-13 12:24:37.000000 +00:00","estimatedShipDate":"2022-02-15 00:00:00.000000 +00:00","customerName":"Judith Kay","customerAddress1":"10 Hayway","customerAddress2":"","customerCity":"Rushden","customerState":null,"customerPostalCode":"NN10 6AG","orderType":null,"shippingInfo":{"shipSpeed":"GROUND","carrierCode":"HRSP"},"packingSlipUrl":"https:\/\/sandbox.api.wayfair.com\/v1\/packing_slip\/UK386776566","warehouse":{"id":"143756","name":"UKBedmaker","address":{"name":"UKBedmaker","address1":"Vithal House","address2":"Parkway","address3":"","city":"Denton","state":null,"country":"GB","postalCode":"M34 3SG"}},"products":[{"partNumber":"PSAVD3C","quantity":"1","price":11.58,"event":null}],"shipTo":{"name":"Judith Kay","address1":"10 Hayway","address2":"","address3":null,"city":"Rushden","state":"","country":"GB","postalCode":"NN10 6AG","phoneNumber":"447921822245"}},{"poNumber":"UK386776570","poDate":"2022-02-13 12:24:39.000000 +00:00","estimatedShipDate":"2022-02-15 00:00:00.000000 +00:00","customerName":"Joanne Common","customerAddress1":"39 St Johns Road","customerAddress2":"","customerCity":"Hexham","customerState":null,"customerPostalCode":"NE46 2AT","orderType":null,"shippingInfo":{"shipSpeed":"GROUND","carrierCode":"HRSP"},"packingSlipUrl":"https:\/\/sandbox.api.wayfair.com\/v1\/packing_slip\/UK386776570","warehouse":{"id":"143756","name":"UKBedmaker","address":{"name":"UKBedmaker","address1":"Vithal House","address2":"Parkway","address3":"","city":"Denton","state":null,"country":"GB","postalCode":"M34 3SG"}},"products":[{"partNumber":"PJOED3F","quantity":"1","price":10.71,"event":null}],"shipTo":{"name":"Joanne Common","address1":"39 St Johns Road","address2":"","address3":null,"city":"Hexham","state":"","country":"GB","postalCode":"NE46 2AT","phoneNumber":"447730799340"}},{"poNumber":"UK386777202","poDate":"2022-02-13 12:35:50.000000 +00:00","estimatedShipDate":"2022-02-15 00:00:00.000000 +00:00","customerName":"Heather G Ward","customerAddress1":"9 Central Drive","customerAddress2":"Swanton Morley","customerCity":"Dereham","customerState":null,"customerPostalCode":"NR20 4LB","orderType":null,"shippingInfo":{"shipSpeed":"GROUND","carrierCode":"HRSP"},"packingSlipUrl":"https:\/\/sandbox.api.wayfair.com\/v1\/packing_slip\/UK386777202","warehouse":{"id":"143756","name":"UKBedmaker","address":{"name":"UKBedmaker","address1":"Vithal House","address2":"Parkway","address3":"","city":"Denton","state":null,"country":"GB","postalCode":"M34 3SG"}},"products":[{"partNumber":"PMORD2T","quantity":"1","price":8.87,"event":null}],"shipTo":{"name":"Heather G Ward","address1":"9 Central Drive","address2":"Swanton Morley","address3":null,"city":"Dereham","state":"","country":"GB","postalCode":"NR20 4LB","phoneNumber":"447975745824"}},{"poNumber":"UK386778415","poDate":"2022-02-13 12:57:12.000000 +00:00","estimatedShipDate":"2022-02-15 00:00:00.000000 +00:00","customerName":"Gordon Challinor","customerAddress1":"23 Highlands Avenue","customerAddress2":"","customerCity":"Horsham","customerState":null,"customerPostalCode":"RH13 5LW","orderType":null,"shippingInfo":{"shipSpeed":"GROUND","carrierCode":"HRSP"},"packingSlipUrl":"https:\/\/sandbox.api.wayfair.com\/v1\/packing_slip\/UK386778415","warehouse":{"id":"143756","name":"UKBedmaker","address":{"name":"UKBedmaker","address1":"Vithal House","address2":"Parkway","address3":"","city":"Denton","state":null,"country":"GB","postalCode":"M34 3SG"}},"products":[{"partNumber":"PORKD3Z","quantity":"1","price":10.34,"event":null}],"shipTo":{"name":"Gordon Challinor","address1":"23 Highlands Avenue","address2":"","address3":null,"city":"Horsham","state":"","country":"GB","postalCode":"RH13 5LW","phoneNumber":"447713620064"}},{"poNumber":"UK386779055","poDate":"2022-02-13 13:06:32.000000 +00:00","estimatedShipDate":"2022-02-15 00:00:00.000000 +00:00","customerName":"Kalpit Vachhani","customerAddress1":"18 Hillcroft Crescent","customerAddress2":"","customerCity":"Watford","customerState":null,"customerPostalCode":"WD19 4NY","orderType":null,"shippingInfo":{"shipSpeed":"GROUND","carrierCode":"HRSP"},"packingSlipUrl":"https:\/\/sandbox.api.wayfair.com\/v1\/packing_slip\/UK386779055","warehouse":{"id":"143756","name":"UKBedmaker","address":{"name":"UKBedmaker","address1":"Vithal House","address2":"Parkway","address3":"","city":"Denton","state":null,"country":"GB","postalCode":"M34 3SG"}},"products":[{"partNumber":"PJOED4F","quantity":"1","price":13.41,"event":null},{"partNumber":"PMORD4F","quantity":"1","price":13.41,"event":null}],"shipTo":{"name":"Kalpit Vachhani","address1":"18 Hillcroft Crescent","address2":"","address3":null,"city":"Watford","state":"","country":"GB","postalCode":"WD19 4NY","phoneNumber":"447515373168"}},{"poNumber":"UK386779730","poDate":"2022-02-13 13:16:42.000000 +00:00","estimatedShipDate":"2022-02-15 00:00:00.000000 +00:00","customerName":"Lynn Vinten","customerAddress1":"43 Beech Terrace","customerAddress2":"Westfield","customerCity":"Radstock","customerState":null,"customerPostalCode":"BA3 3TH","orderType":null,"shippingInfo":{"shipSpeed":"GROUND","carrierCode":"HRSP"},"packingSlipUrl":"https:\/\/sandbox.api.wayfair.com\/v1\/packing_slip\/UK386779730","warehouse":{"id":"143756","name":"UKBedmaker","address":{"name":"UKBedmaker","address1":"Vithal House","address2":"Parkway","address3":"","city":"Denton","state":null,"country":"GB","postalCode":"M34 3SG"}},"products":[{"partNumber":"PMORD4F","quantity":"1","price":13.41,"event":null}],"shipTo":{"name":"Lynn Vinten","address1":"43 Beech Terrace","address2":"Westfield","address3":null,"city":"Radstock","state":"","country":"GB","postalCode":"BA3 3TH","phoneNumber":"447935903460"}},{"poNumber":"UK386779925","poDate":"2022-02-13 13:19:25.000000 +00:00","estimatedShipDate":"2022-02-15 00:00:00.000000 +00:00","customerName":"Joyce Moncur","customerAddress1":"334a Stanstead Road","customerAddress2":"Catford","customerCity":"London","customerState":null,"customerPostalCode":"SE6 4XD","orderType":null,"shippingInfo":{"shipSpeed":"GROUND","carrierCode":"HRSP"},"packingSlipUrl":"https:\/\/sandbox.api.wayfair.com\/v1\/packing_slip\/UK386779925","warehouse":{"id":"143756","name":"UKBedmaker","address":{"name":"UKBedmaker","address1":"Vithal House","address2":"Parkway","address3":"","city":"Denton","state":null,"country":"GB","postalCode":"M34 3SG"}},"products":[{"partNumber":"TCHEV2L\/2PC","quantity":"1","price":7.18,"event":null}],"shipTo":{"name":"Joyce Moncur","address1":"334a Stanstead Road","address2":"Catford","address3":null,"city":"London","state":"","country":"GB","postalCode":"SE6 4XD","phoneNumber":"447590122863"}}]}}