The response: {"data":{"getDropshipPurchaseOrders":[{"poNumber":"UK386329527","poDate":"2022-02-10 11:56:57.000000 +00:00","estimatedShipDate":"2022-02-10 00:00:00.000000 +00:00","customerName":"Diane Cunningham","customerAddress1":"Langfauld Steading","customerAddress2":"Saline","customerCity":"Dunfermline Fife","customerState":null,"customerPostalCode":"KY12 9HR","orderType":null,"shippingInfo":{"shipSpeed":"GROUND","carrierCode":"HRSP"},"packingSlipUrl":"https:\/\/sandbox.api.wayfair.com\/v1\/packing_slip\/UK386329527","warehouse":{"id":"143756","name":"UKBedmaker","address":{"name":"UKBedmaker","address1":"Vithal House","address2":"Parkway","address3":"","city":"Denton","state":null,"country":"GB","postalCode":"M34 3SG"}},"products":[{"partNumber":"UASC1L","quantity":"1","price":5.08,"event":null},{"partNumber":"UASC1K","quantity":"1","price":4.9,"event":null}],"shipTo":{"name":"Diane Cunningham","address1":"Langfauld Steading","address2":"Saline","address3":null,"city":"Dunfermline Fife","state":"","country":"GB","postalCode":"KY12 9HR","phoneNumber":"447852315550"}},{"poNumber":"UK386330838","poDate":"2022-02-10 12:24:20.000000 +00:00","estimatedShipDate":"2022-02-11 00:00:00.000000 +00:00","customerName":"Tony ","customerAddress1":"Chapel Briars","customerAddress2":"Yarmouth Road Hemsby","customerCity":"Great Yarmouth","customerState":null,"customerPostalCode":"NR29 4NJ","orderType":null,"shippingInfo":{"shipSpeed":"GROUND","carrierCode":"HRSP"},"packingSlipUrl":"https:\/\/sandbox.api.wayfair.com\/v1\/packing_slip\/UK386330838","warehouse":{"id":"143756","name":"UKBedmaker","address":{"name":"UKBedmaker","address1":"Vithal House","address2":"Parkway","address3":"","city":"Denton","state":null,"country":"GB","postalCode":"M34 3SG"}},"products":[{"partNumber":"CORL3L","quantity":"3","price":13.15,"event":null}],"shipTo":{"name":"Tony ","address1":"Chapel Briars","address2":"Yarmouth Road Hemsby","address3":null,"city":"Great Yarmouth","state":"","country":"GB","postalCode":"NR29 4NJ","phoneNumber":"447932161312"}},{"poNumber":"UK386331260","poDate":"2022-02-10 12:32:14.000000 +00:00","estimatedShipDate":"2022-02-11 00:00:00.000000 +00:00","customerName":"Mary Cowan","customerAddress1":"8 clydesdale avenue","customerAddress2":"Wishaw","customerCity":"Wishaw","customerState":null,"customerPostalCode":"ML2 0AX","orderType":null,"shippingInfo":{"shipSpeed":"GROUND","carrierCode":"HRSP"},"packingSlipUrl":"https:\/\/sandbox.api.wayfair.com\/v1\/packing_slip\/UK386331260","warehouse":{"id":"143756","name":"UKBedmaker","address":{"name":"UKBedmaker","address1":"Vithal House","address2":"Parkway","address3":"","city":"Denton","state":null,"country":"GB","postalCode":"M34 3SG"}},"products":[{"partNumber":"CORL4L","quantity":"2","price":15.8,"event":null},{"partNumber":"CORLCCL","quantity":"4","price":1.65,"event":null}],"shipTo":{"name":"Mary Cowan","address1":"8 clydesdale avenue","address2":"Wishaw","address3":null,"city":"Wishaw","state":"","country":"GB","postalCode":"ML2 0AX","phoneNumber":"447864666477"}},{"poNumber":"UK386331314","poDate":"2022-02-10 12:33:25.000000 +00:00","estimatedShipDate":"2022-02-11 00:00:00.000000 +00:00","customerName":"Amanda Clarke","customerAddress1":"58 WHITE RISE","customerAddress2":"Lagmore","customerCity":"Belfast","customerState":null,"customerPostalCode":"BT17 0XD","orderType":null,"shippingInfo":{"shipSpeed":"GROUND","carrierCode":"HRSP"},"packingSlipUrl":"https:\/\/sandbox.api.wayfair.com\/v1\/packing_slip\/UK386331314","warehouse":{"id":"143756","name":"UKBedmaker","address":{"name":"UKBedmaker","address1":"Vithal House","address2":"Parkway","address3":"","city":"Denton","state":null,"country":"GB","postalCode":"M34 3SG"}},"products":[{"partNumber":"PMAIC4C","quantity":"1","price":20.95,"event":null},{"partNumber":"PMAID2C","quantity":"1","price":11.26,"event":null}],"shipTo":{"name":"Amanda Clarke","address1":"58 WHITE RISE","address2":"Lagmore","address3":null,"city":"Belfast","state":"","country":"GB","postalCode":"BT17 0XD","phoneNumber":"447876647536"}},{"poNumber":"UK386331391","poDate":"2022-02-10 12:34:56.000000 +00:00","estimatedShipDate":"2022-02-11 00:00:00.000000 +00:00","customerName":"Jennie Hawkins","customerAddress1":"39 Reed Road","customerAddress2":"Yate","customerCity":"Bristol","customerState":null,"customerPostalCode":"BS7 7DR","orderType":null,"shippingInfo":{"shipSpeed":"GROUND","carrierCode":"HRSP"},"packingSlipUrl":"https:\/\/sandbox.api.wayfair.com\/v1\/packing_slip\/UK386331391","warehouse":{"id":"143756","name":"UKBedmaker","address":{"name":"UKBedmaker","address1":"Vithal House","address2":"Parkway","address3":"","city":"Denton","state":null,"country":"GB","postalCode":"M34 3SG"}},"products":[{"partNumber":"PORKD2Z","quantity":"1","price":8.58,"event":null}],"shipTo":{"name":"Jennie Hawkins","address1":"39 Reed Road","address2":"Yate","address3":null,"city":"Bristol","state":"","country":"GB","postalCode":"BS7 7DR","phoneNumber":"441179777867"}},{"poNumber":"UK386331735","poDate":"2022-02-10 12:41:20.000000 +00:00","estimatedShipDate":"2022-02-11 00:00:00.000000 +00:00","customerName":"Margaret Luffman","customerAddress1":"Flat 6 Baslow Court","customerAddress2":"25 Baslow Road","customerCity":"Eastbourne","customerState":null,"customerPostalCode":"BN20 7UL","orderType":null,"shippingInfo":{"shipSpeed":"GROUND","carrierCode":"HRSP"},"packingSlipUrl":"https:\/\/sandbox.api.wayfair.com\/v1\/packing_slip\/UK386331735","warehouse":{"id":"143756","name":"UKBedmaker","address":{"name":"UKBedmaker","address1":"Vithal House","address2":"Parkway","address3":"","city":"Denton","state":null,"country":"GB","postalCode":"M34 3SG"}},"products":[{"partNumber":"PRITD3A","quantity":"1","price":26.81,"event":null}],"shipTo":{"name":"Margaret Luffman","address1":"Flat 6 Baslow Court","address2":"25 Baslow Road","address3":null,"city":"Eastbourne","state":"","country":"GB","postalCode":"BN20 7UL","phoneNumber":"441323728532 or 01323728532"}},{"poNumber":"UK386332945","poDate":"2022-02-10 13:01:06.000000 +00:00","estimatedShipDate":"2022-02-11 00:00:00.000000 +00:00","customerName":"Esther Lewis","customerAddress1":"Yew Trees","customerAddress2":"Kineton Lane","customerCity":"Hockley Heath Solihull","customerState":null,"customerPostalCode":"B94 6RU","orderType":null,"shippingInfo":{"shipSpeed":"GROUND","carrierCode":"HRSP"},"packingSlipUrl":"https:\/\/sandbox.api.wayfair.com\/v1\/packing_slip\/UK386332945","warehouse":{"id":"143756","name":"UKBedmaker","address":{"name":"UKBedmaker","address1":"Vithal House","address2":"Parkway","address3":"","city":"Denton","state":null,"country":"GB","postalCode":"M34 3SG"}},"products":[{"partNumber":"PCOMD3K","quantity":"1","price":22.85,"event":null}],"shipTo":{"name":"Esther Lewis","address1":"Yew Trees","address2":"Kineton Lane","address3":null,"city":"Hockley Heath Solihull","state":"","country":"GB","postalCode":"B94 6RU","phoneNumber":"447970836682"}},{"poNumber":"UK386333547","poDate":"2022-02-10 13:10:23.000000 +00:00","estimatedShipDate":"2022-02-11 00:00:00.000000 +00:00","customerName":"Margaret Luffman","customerAddress1":"Flat 6 Baslow Court","customerAddress2":"25 Baslow Road","customerCity":"Eastbourne","customerState":null,"customerPostalCode":"BN20 7UL","orderType":null,"shippingInfo":{"shipSpeed":"GROUND","carrierCode":"HRSP"},"packingSlipUrl":"https:\/\/sandbox.api.wayfair.com\/v1\/packing_slip\/UK386333547","warehouse":{"id":"143756","name":"UKBedmaker","address":{"name":"UKBedmaker","address1":"Vithal House","address2":"Parkway","address3":"","city":"Denton","state":null,"country":"GB","postalCode":"M34 3SG"}},"products":[{"partNumber":"PRITRA","quantity":"1","price":14.58,"event":null},{"partNumber":"PRITPCA","quantity":"1","price":6.11,"event":null}],"shipTo":{"name":"Margaret Luffman","address1":"Flat 6 Baslow Court","address2":"25 Baslow Road","address3":null,"city":"Eastbourne","state":"","country":"GB","postalCode":"BN20 7UL","phoneNumber":"441323728532 or 01323728532"}},{"poNumber":"UK386335116","poDate":"2022-02-10 13:30:12.000000 +00:00","estimatedShipDate":"2022-02-11 00:00:00.000000 +00:00","customerName":"Mark Williams","customerAddress1":"171 Holmedale","customerAddress2":"","customerCity":"Slough","customerState":null,"customerPostalCode":"SL2 5RJ","orderType":null,"shippingInfo":{"shipSpeed":"GROUND","carrierCode":"HRSP"},"packingSlipUrl":"https:\/\/sandbox.api.wayfair.com\/v1\/packing_slip\/UK386335116","warehouse":{"id":"143756","name":"UKBedmaker","address":{"name":"UKBedmaker","address1":"Vithal House","address2":"Parkway","address3":"","city":"Denton","state":null,"country":"GB","postalCode":"M34 3SG"}},"products":[{"partNumber":"PORKD3Z","quantity":"1","price":10.34,"event":null}],"shipTo":{"name":"Mark Williams","address1":"171 Holmedale","address2":"","address3":null,"city":"Slough","state":"","country":"GB","postalCode":"SL2 5RJ","phoneNumber":"447554776245"}},{"poNumber":"UK386335729","poDate":"2022-02-10 13:37:07.000000 +00:00","estimatedShipDate":"2022-02-11 00:00:00.000000 +00:00","customerName":"Jennifer McClintock","customerAddress1":"20A Hillview Avenue","customerAddress2":"","customerCity":"LONDONDERRY","customerState":null,"customerPostalCode":"BT47 2NU","orderType":null,"shippingInfo":{"shipSpeed":"GROUND","carrierCode":"HRSP"},"packingSlipUrl":"https:\/\/sandbox.api.wayfair.com\/v1\/packing_slip\/UK386335729","warehouse":{"id":"143756","name":"UKBedmaker","address":{"name":"UKBedmaker","address1":"Vithal House","address2":"Parkway","address3":"","city":"Denton","state":null,"country":"GB","postalCode":"M34 3SG"}},"products":[{"partNumber":"PCHEVD2T","quantity":"1","price":10.42,"event":null}],"shipTo":{"name":"Jennifer McClintock","address1":"20A Hillview Avenue","address2":"","address3":null,"city":"LONDONDERRY","state":"","country":"GB","postalCode":"BT47 2NU","phoneNumber":"4407938854434"}}]}}