The response: {"data":{"getDropshipPurchaseOrders":[{"poNumber":"UK386396554","poDate":"2022-02-10 20:22:39.000000 +00:00","estimatedShipDate":"2022-02-11 00:00:00.000000 +00:00","customerName":"Matte Pierson","customerAddress1":"21 Lymington Gardens","customerAddress2":"","customerCity":"Epsom","customerState":null,"customerPostalCode":"KT19 0LY","orderType":null,"shippingInfo":{"shipSpeed":"GROUND","carrierCode":"HRSP"},"packingSlipUrl":"https:\/\/sandbox.api.wayfair.com\/v1\/packing_slip\/UK386396554","warehouse":{"id":"143756","name":"UKBedmaker","address":{"name":"UKBedmaker","address1":"Vithal House","address2":"Parkway","address3":"","city":"Denton","state":null,"country":"GB","postalCode":"M34 3SG"}},"products":[{"partNumber":"PPDUVD2D","quantity":"1","price":14.19,"event":null}],"shipTo":{"name":"Matte Pierson","address1":"21 Lymington Gardens","address2":"","address3":null,"city":"Epsom","state":"","country":"GB","postalCode":"KT19 0LY","phoneNumber":"447841936961"}},{"poNumber":"UK386398402","poDate":"2022-02-10 20:33:37.000000 +00:00","estimatedShipDate":"2022-02-11 00:00:00.000000 +00:00","customerName":"Loraine Mook","customerAddress1":"3 lilybank road","customerAddress2":"","customerCity":"Ayrshire","customerState":null,"customerPostalCode":"KA9 1SH","orderType":null,"shippingInfo":{"shipSpeed":"GROUND","carrierCode":"HRSP"},"packingSlipUrl":"https:\/\/sandbox.api.wayfair.com\/v1\/packing_slip\/UK386398402","warehouse":{"id":"143756","name":"UKBedmaker","address":{"name":"UKBedmaker","address1":"Vithal House","address2":"Parkway","address3":"","city":"Denton","state":null,"country":"GB","postalCode":"M34 3SG"}},"products":[{"partNumber":"MGALD2L","quantity":"1","price":14.18,"event":null}],"shipTo":{"name":"Loraine Mook","address1":"3 lilybank road","address2":"","address3":null,"city":"Ayrshire","state":"","country":"GB","postalCode":"KA9 1SH","phoneNumber":"447871298754"}},{"poNumber":"UK386417062","poDate":"2022-02-10 22:31:49.000000 +00:00","estimatedShipDate":"2022-02-11 00:00:00.000000 +00:00","customerName":"Kurt Horton","customerAddress1":"The Buffet Shop","customerAddress2":"201 Church Road Yardley","customerCity":"Birmingham","customerState":null,"customerPostalCode":"B25 8UR","orderType":null,"shippingInfo":{"shipSpeed":"GROUND","carrierCode":"HRSP"},"packingSlipUrl":"https:\/\/sandbox.api.wayfair.com\/v1\/packing_slip\/UK386417062","warehouse":{"id":"143756","name":"UKBedmaker","address":{"name":"UKBedmaker","address1":"Vithal House","address2":"Parkway","address3":"","city":"Denton","state":null,"country":"GB","postalCode":"M34 3SG"}},"products":[{"partNumber":"PJOED2F","quantity":"1","price":8.88,"event":null}],"shipTo":{"name":"Kurt Horton","address1":"The Buffet Shop","address2":"201 Church Road Yardley","address3":null,"city":"Birmingham","state":"","country":"GB","postalCode":"B25 8UR","phoneNumber":"447974708048"}},{"poNumber":"UK386419841","poDate":"2022-02-10 22:51:02.000000 +00:00","estimatedShipDate":"2022-02-11 00:00:00.000000 +00:00","customerName":"Jenni Rowan","customerAddress1":"3 Luton Road","customerAddress2":"","customerCity":"Chalton Luton","customerState":null,"customerPostalCode":"LU4 9UJ","orderType":null,"shippingInfo":{"shipSpeed":"GROUND","carrierCode":"HRSP"},"packingSlipUrl":"https:\/\/sandbox.api.wayfair.com\/v1\/packing_slip\/UK386419841","warehouse":{"id":"143756","name":"UKBedmaker","address":{"name":"UKBedmaker","address1":"Vithal House","address2":"Parkway","address3":"","city":"Denton","state":null,"country":"GB","postalCode":"M34 3SG"}},"products":[{"partNumber":"PGAMD2","quantity":"1","price":9.48,"event":null},{"partNumber":"PFARD1","quantity":"1","price":5.83,"event":null}],"shipTo":{"name":"Jenni Rowan","address1":"3 Luton Road","address2":"","address3":null,"city":"Chalton Luton","state":"","country":"GB","postalCode":"LU4 9UJ","phoneNumber":"447909654708"}},{"poNumber":"UK386421407","poDate":"2022-02-10 23:02:54.000000 +00:00","estimatedShipDate":"2022-02-11 00:00:00.000000 +00:00","customerName":"Sharon Newton","customerAddress1":"30 Hodson Road","customerAddress2":"","customerCity":"Chiseldon Swindon","customerState":null,"customerPostalCode":"SN4 0LN","orderType":null,"shippingInfo":{"shipSpeed":"GROUND","carrierCode":"HRSP"},"packingSlipUrl":"https:\/\/sandbox.api.wayfair.com\/v1\/packing_slip\/UK386421407","warehouse":{"id":"143756","name":"UKBedmaker","address":{"name":"UKBedmaker","address1":"Vithal House","address2":"Parkway","address3":"","city":"Denton","state":null,"country":"GB","postalCode":"M34 3SG"}},"products":[{"partNumber":"PCOMD3K","quantity":"1","price":22.85,"event":null}],"shipTo":{"name":"Sharon Newton","address1":"30 Hodson Road","address2":"","address3":null,"city":"Chiseldon Swindon","state":"","country":"GB","postalCode":"SN4 0LN","phoneNumber":"447776290176"}},{"poNumber":"UK386422002","poDate":"2022-02-10 23:07:25.000000 +00:00","estimatedShipDate":"2022-02-11 00:00:00.000000 +00:00","customerName":"Danielle Sim","customerAddress1":"22 Coyle Avenue","customerAddress2":"","customerCity":"Drongan Ayr","customerState":null,"customerPostalCode":"KA6 7BB","orderType":null,"shippingInfo":{"shipSpeed":"GROUND","carrierCode":"HRSP"},"packingSlipUrl":"https:\/\/sandbox.api.wayfair.com\/v1\/packing_slip\/UK386422002","warehouse":{"id":"143756","name":"UKBedmaker","address":{"name":"UKBedmaker","address1":"Vithal House","address2":"Parkway","address3":"","city":"Denton","state":null,"country":"GB","postalCode":"M34 3SG"}},"products":[{"partNumber":"PGAMD2","quantity":"1","price":9.48,"event":null}],"shipTo":{"name":"Danielle Sim","address1":"22 Coyle Avenue","address2":"","address3":null,"city":"Drongan Ayr","state":"","country":"GB","postalCode":"KA6 7BB","phoneNumber":"447555474016"}},{"poNumber":"UK386425436","poDate":"2022-02-10 23:33:25.000000 +00:00","estimatedShipDate":"2022-02-11 00:00:00.000000 +00:00","customerName":"Janet Comyn","customerAddress1":"Daisy Cottage 2 Church Croft","customerAddress2":"","customerCity":"Caverswall Stoke-on-trent","customerState":null,"customerPostalCode":"ST11 9EB","orderType":null,"shippingInfo":{"shipSpeed":"GROUND","carrierCode":"HRSP"},"packingSlipUrl":"https:\/\/sandbox.api.wayfair.com\/v1\/packing_slip\/UK386425436","warehouse":{"id":"143756","name":"UKBedmaker","address":{"name":"UKBedmaker","address1":"Vithal House","address2":"Parkway","address3":"","city":"Denton","state":null,"country":"GB","postalCode":"M34 3SG"}},"products":[{"partNumber":"PPLAD1","quantity":"1","price":5.83,"event":null}],"shipTo":{"name":"Janet Comyn","address1":"Daisy Cottage 2 Church Croft","address2":"","address3":null,"city":"Caverswall Stoke-on-trent","state":"","country":"GB","postalCode":"ST11 9EB","phoneNumber":"447768411879"}},{"poNumber":"UK386434418","poDate":"2022-02-11 00:45:49.000000 +00:00","estimatedShipDate":"2022-02-11 00:00:00.000000 +00:00","customerName":"Sandi Wells","customerAddress1":"123 Homesdale Road","customerAddress2":"","customerCity":"Bromley","customerState":null,"customerPostalCode":"BR2 9LE","orderType":null,"shippingInfo":{"shipSpeed":"GROUND","carrierCode":"HRSP"},"packingSlipUrl":"https:\/\/sandbox.api.wayfair.com\/v1\/packing_slip\/UK386434418","warehouse":{"id":"143756","name":"UKBedmaker","address":{"name":"UKBedmaker","address1":"Vithal House","address2":"Parkway","address3":"","city":"Denton","state":null,"country":"GB","postalCode":"M34 3SG"}},"products":[{"partNumber":"EMAR1C","quantity":"1","price":19.78,"event":null},{"partNumber":"PJOED2F","quantity":"1","price":8.88,"event":null}],"shipTo":{"name":"Sandi Wells","address1":"123 Homesdale Road","address2":"","address3":null,"city":"Bromley","state":"","country":"GB","postalCode":"BR2 9LE","phoneNumber":"447521080424"}},{"poNumber":"UK386443489","poDate":"2022-02-11 01:55:59.000000 +00:00","estimatedShipDate":"2022-02-11 00:00:00.000000 +00:00","customerName":"Sara Young","customerAddress1":"7 Kingsley Avenue","customerAddress2":"Eastham","customerCity":"Wirral","customerState":null,"customerPostalCode":"CH62 9BR","orderType":null,"shippingInfo":{"shipSpeed":"GROUND","carrierCode":"HRSP"},"packingSlipUrl":"https:\/\/sandbox.api.wayfair.com\/v1\/packing_slip\/UK386443489","warehouse":{"id":"143756","name":"UKBedmaker","address":{"name":"UKBedmaker","address1":"Vithal House","address2":"Parkway","address3":"","city":"Denton","state":null,"country":"GB","postalCode":"M34 3SG"}},"products":[{"partNumber":"PBEND3S","quantity":"1","price":26.86,"event":null}],"shipTo":{"name":"Sara Young","address1":"7 Kingsley Avenue","address2":"Eastham","address3":null,"city":"Wirral","state":"","country":"GB","postalCode":"CH62 9BR","phoneNumber":"447471686356"}},{"poNumber":"UK386444212","poDate":"2022-02-11 02:01:23.000000 +00:00","estimatedShipDate":"2022-02-11 00:00:00.000000 +00:00","customerName":"Kim Allison","customerAddress1":"24 Foundry close","customerAddress2":"","customerCity":"Leyland","customerState":null,"customerPostalCode":"PR25 3RA","orderType":null,"shippingInfo":{"shipSpeed":"GROUND","carrierCode":"HRSP"},"packingSlipUrl":"https:\/\/sandbox.api.wayfair.com\/v1\/packing_slip\/UK386444212","warehouse":{"id":"143756","name":"UKBedmaker","address":{"name":"UKBedmaker","address1":"Vithal House","address2":"Parkway","address3":"","city":"Denton","state":null,"country":"GB","postalCode":"M34 3SG"}},"products":[{"partNumber":"PPURD3B","quantity":"2","price":10.34,"event":null}],"shipTo":{"name":"Kim Allison","address1":"24 Foundry close","address2":"","address3":null,"city":"Leyland","state":"","country":"GB","postalCode":"PR25 3RA","phoneNumber":"447482165675"}}]}}